
Microsoft Visual Studio Solution File, Format Version 12.00
# Visual Studio Version 16
VisualStudioVersion = 16.0.31424.327
MinimumVisualStudioVersion = 10.0.40219.1
Project("{FAE04EC0-301F-11D3-BF4B-00C04F79EFBC}") = "テキスト置換ツール", "テキスト置換ツール\テキスト置換ツール.csproj", "{5043A260-DBB6-4BD7-8073-DD3F0BFB890A}"
EndProject
Global
	GlobalSection(SolutionConfigurationPlatforms) = preSolution
		Debug|Any CPU = Debug|Any CPU
		Release|Any CPU = Release|Any CPU
	EndGlobalSection
	GlobalSection(ProjectConfigurationPlatforms) = postSolution
		{5043A260-DBB6-4BD7-8073-DD3F0BFB890A}.Debug|Any CPU.ActiveCfg = Debug|Any CPU
		{5043A260-DBB6-4BD7-8073-DD3F0BFB890A}.Debug|Any CPU.Build.0 = Debug|Any CPU
		{5043A260-DBB6-4BD7-8073-DD3F0BFB890A}.Release|Any CPU.ActiveCfg = Release|Any CPU
		{5043A260-DBB6-4BD7-8073-DD3F0BFB890A}.Release|Any CPU.Build.0 = Release|Any CPU
	EndGlobalSection
	GlobalSection(SolutionProperties) = preSolution
		HideSolutionNode = FALSE
	EndGlobalSection
	GlobalSection(ExtensibilityGlobals) = postSolution
		SolutionGuid = {379B2066-141A-4998-9C17-9B4DA67FC967}
	EndGlobalSection
EndGlobal
